
Microsoft Visual Studio Solution File, Format Version 12.00
# Visual Studio Version 16
VisualStudioVersion = 16.0.30114.105
MinimumVisualStudioVersion = 10.0.40219.1
Project("{FAE04EC0-301F-11D3-BF4B-00C04F79EFBC}") = "EasySpawner", "EasySpawner\EasySpawner.csproj", "{D575372D-3E88-42F8-B234-BF555C7016D6}"
EndProject
Global
	GlobalSection(SolutionConfigurationPlatforms) = preSolution
		Debug|Any CPU = Debug|Any CPU
		Release|Any CPU = Release|Any CPU
	EndGlobalSection
	GlobalSection(ProjectConfigurationPlatforms) = postSolution
		{D575372D-3E88-42F8-B234-BF555C7016D6}.Debug|Any CPU.ActiveCfg = Debug|Any CPU
		{D575372D-3E88-42F8-B234-BF555C7016D6}.Debug|Any CPU.Build.0 = Debug|Any CPU
		{D575372D-3E88-42F8-B234-BF555C7016D6}.Release|Any CPU.ActiveCfg = Release|Any CPU
		{D575372D-3E88-42F8-B234-BF555C7016D6}.Release|Any CPU.Build.0 = Release|Any CPU
	EndGlobalSection
	GlobalSection(SolutionProperties) = preSolution
		HideSolutionNode = FALSE
	EndGlobalSection
	GlobalSection(ExtensibilityGlobals) = postSolution
		SolutionGuid = {268A2DC7-D96E-4D63-8BF6-FC6330A41667}
	EndGlobalSection
EndGlobal
